
Microsoft Visual Studio Solution File, Format Version 12.00
# Visual Studio Version 17
VisualStudioVersion = 17.14.36414.22 d17.14
MinimumVisualStudioVersion = 10.0.40219.1
Project("{FAE04EC0-301F-11D3-BF4B-00C04F79EFBC}") = "falaz_agrohub", "falaz_agrohub\falaz_agrohub.csproj", "{93AF47E5-1CED-424F-A869-5656D310A18A}"
EndProject
Global
	GlobalSection(SolutionConfigurationPlatforms) = preSolution
		Debug|Any CPU = Debug|Any CPU
		Release|Any CPU = Release|Any CPU
	EndGlobalSection
	GlobalSection(ProjectConfigurationPlatforms) = postSolution
		{93AF47E5-1CED-424F-A869-5656D310A18A}.Debug|Any CPU.ActiveCfg = Debug|Any CPU
		{93AF47E5-1CED-424F-A869-5656D310A18A}.Debug|Any CPU.Build.0 = Debug|Any CPU
		{93AF47E5-1CED-424F-A869-5656D310A18A}.Release|Any CPU.ActiveCfg = Release|Any CPU
		{93AF47E5-1CED-424F-A869-5656D310A18A}.Release|Any CPU.Build.0 = Release|Any CPU
	EndGlobalSection
	GlobalSection(SolutionProperties) = preSolution
		HideSolutionNode = FALSE
	EndGlobalSection
	GlobalSection(ExtensibilityGlobals) = postSolution
		SolutionGuid = {BCBE64F3-BA09-4516-A3AD-BF6C255E32D5}
	EndGlobalSection
EndGlobal
